// !$*UTF8*$!
{
	archiveVersion = 1;
	classes = {
	};
	objectVersion = 56;
	objects = {

/* Begin PBXBuildFile section */
		FA0B01A92BAB1C1600FA6509 /* MainContentView.swift in Sources */ = {isa = PBXBuildFile; fileRef = FA0B01A82BAB1C1600FA6509 /* MainContentView.swift */; };
		FA0B01AB2BAB1C1600FA6509 /* TransactionsView.swift in Sources */ = {isa = PBXBuildFile; fileRef = FA0B01AA2BAB1C1600FA6509 /* TransactionsView.swift */; };
		FA0B01AD2BAB1C1C00FA6509 /* Assets.xcassets in Resources */ = {isa = PBXBuildFile; fileRef = FA0B01AC2BAB1C1C00FA6509 /* Assets.xcassets */; };
		FA0B01B12BAB1C1C00FA6509 /* Preview Assets.xcassets in Resources */ = {isa = PBXBuildFile; fileRef = FA0B01B02BAB1C1C00FA6509 /* Preview Assets.xcassets */; };
		FA0B01B92BAB1D5C00FA6509 /* PBTransactions.json in Resources */ = {isa = PBXBuildFile; fileRef = FA0B01B82BAB1D5C00FA6509 /* PBTransactions.json */; };
		FA0B01BE2BAB1ECF00FA6509 /* TransactionModel.swift in Sources */ = {isa = PBXBuildFile; fileRef = FA0B01BD2BAB1ECE00FA6509 /* TransactionModel.swift */; };
		FA0B01C12BAB207800FA6509 /* JSON_MockDataManager.swift in Sources */ = {isa = PBXBuildFile; fileRef = FA0B01C02BAB207800FA6509 /* JSON_MockDataManager.swift */; };
		FA0B01C32BAB239500FA6509 /* JSON_MockDataService.swift in Sources */ = {isa = PBXBuildFile; fileRef = FA0B01C22BAB239500FA6509 /* JSON_MockDataService.swift */; };
		FA0B01C62BAB358000FA6509 /* TransactionViewModel.swift in Sources */ = {isa = PBXBuildFile; fileRef = FA0B01C52BAB358000FA6509 /* TransactionViewModel.swift */; };
		FA0B01C92BAB7AF200FA6509 /* String+EXT.swift in Sources */ = {isa = PBXBuildFile; fileRef = FA0B01C82BAB7AF200FA6509 /* String+EXT.swift */; };
		FA0B01CC2BAB84F900FA6509 /* StringDateFormatter.swift in Sources */ = {isa = PBXBuildFile; fileRef = FA0B01CB2BAB84F900FA6509 /* StringDateFormatter.swift */; };
		FA0B01D42BAC1C9400FA6509 /* Constants+TEXT.swift in Sources */ = {isa = PBXBuildFile; fileRef = FA0B01D32BAC1C9400FA6509 /* Constants+TEXT.swift */; };
		FA0B01D62BAC29A900FA6509 /* NetworkMonitor.swift in Sources */ = {isa = PBXBuildFile; fileRef = FA0B01D52BAC29A900FA6509 /* NetworkMonitor.swift */; };
		FA0B01D82BAC2E0300FA6509 /* NoConnectionView.swift in Sources */ = {isa = PBXBuildFile; fileRef = FA0B01D72BAC2E0300FA6509 /* NoConnectionView.swift */; };
		FA0B01DA2BAC30DA00FA6509 /* Constants+IMAGE.swift in Sources */ = {isa = PBXBuildFile; fileRef = FA0B01D92BAC30DA00FA6509 /* Constants+IMAGE.swift */; };
		FA0B01DE2BAC600C00FA6509 /* SortingManager.swift in Sources */ = {isa = PBXBuildFile; fileRef = FA0B01DD2BAC600C00FA6509 /* SortingManager.swift */; };
		FA0B01E02BAC601800FA6509 /* FilterManager.swift in Sources */ = {isa = PBXBuildFile; fileRef = FA0B01DF2BAC601800FA6509 /* FilterManager.swift */; };
		FA0B01E32BAC987700FA6509 /* TransactionDetailsView.swift in Sources */ = {isa = PBXBuildFile; fileRef = FA0B01E22BAC987700FA6509 /* TransactionDetailsView.swift */; };
		FA0B01E52BACC0C400FA6509 /* Constants+URL.swift in Sources */ = {isa = PBXBuildFile; fileRef = FA0B01E42BACC0C400FA6509 /* Constants+URL.swift */; };
		FA0B01E72BACC35B00FA6509 /* AppDelegate.swift in Sources */ = {isa = PBXBuildFile; fileRef = FA0B01E62BACC35B00FA6509 /* AppDelegate.swift */; };
		FA0B01E92BACC43000FA6509 /* SwiftUIContainer.swift in Sources */ = {isa = PBXBuildFile; fileRef = FA0B01E82BACC43000FA6509 /* SwiftUIContainer.swift */; };
		FA0B01EC2BACD48E00FA6509 /* LaunchScreen.storyboard in Resources */ = {isa = PBXBuildFile; fileRef = FA0B01EB2BACD48E00FA6509 /* LaunchScreen.storyboard */; };
		FA1DAC6B2BADBF01000729AE /* TransactionsListView.swift in Sources */ = {isa = PBXBuildFile; fileRef = FA1DAC6A2BADBF01000729AE /* TransactionsListView.swift */; };
		FA1DAC6D2BADC1F8000729AE /* CategorySectionView.swift in Sources */ = {isa = PBXBuildFile; fileRef = FA1DAC6C2BADC1F8000729AE /* CategorySectionView.swift */; };
		FA1DAC742BADE924000729AE /* AmountSectionView.swift in Sources */ = {isa = PBXBuildFile; fileRef = FA1DAC732BADE924000729AE /* AmountSectionView.swift */; };
		FA8BA0E92BAD7B2700E4D747 /* NetworkManager.swift in Sources */ = {isa = PBXBuildFile; fileRef = FA8BA0E82BAD7B2700E4D747 /* NetworkManager.swift */; };
		FA8BA0EC2BAD7E8400E4D747 /* TransactionsService.swift in Sources */ = {isa = PBXBuildFile; fileRef = FA8BA0EB2BAD7E8400E4D747 /* TransactionsService.swift */; };
		FA8BA0EF2BAD8AA600E4D747 /* README.md in Resources */ = {isa = PBXBuildFile; fileRef = FA8BA0EE2BAD8AA600E4D747 /* README.md */; };
/* End PBXBuildFile section */

/* Begin PBXFileReference section */
		FA0B01A52BAB1C1600FA6509 /* WorldOfPAYBACK.app */ = {isa = PBXFileReference; explicitFileType = wrapper.application; includeInIndex = 0; path = WorldOfPAYBACK.app; sourceTree = BUILT_PRODUCTS_DIR; };
		FA0B01A82BAB1C1600FA6509 /* MainContentView.swift */ = {isa = PBXFileReference; lastKnownFileType = sourcecode.swift; path = MainContentView.swift; sourceTree = "<group>"; };
		FA0B01AA2BAB1C1600FA6509 /* TransactionsView.swift */ = {isa = PBXFileReference; lastKnownFileType = sourcecode.swift; path = TransactionsView.swift; sourceTree = "<group>"; };
		FA0B01AC2BAB1C1C00FA6509 /* Assets.xcassets */ = {isa = PBXFileReference; lastKnownFileType = folder.assetcatalog; path = Assets.xcassets; sourceTree = "<group>"; };
		FA0B01AE2BAB1C1C00FA6509 /* WorldOfPAYBACK.entitlements */ = {isa = PBXFileReference; lastKnownFileType = text.plist.entitlements; path = WorldOfPAYBACK.entitlements; sourceTree = "<group>"; };
		FA0B01B02BAB1C1C00FA6509 /* Preview Assets.xcassets */ = {isa = PBXFileReference; lastKnownFileType = folder.assetcatalog; path = "Preview Assets.xcassets"; sourceTree = "<group>"; };
		FA0B01B82BAB1D5C00FA6509 /* PBTransactions.json */ = {isa = PBXFileReference; fileEncoding = 4; lastKnownFileType = text.json; path = PBTransactions.json; sourceTree = "<group>"; };
		FA0B01BD2BAB1ECE00FA6509 /* TransactionModel.swift */ = {isa = PBXFileReference; lastKnownFileType = sourcecode.swift; path = TransactionModel.swift; sourceTree = "<group>"; };
		FA0B01C02BAB207800FA6509 /* JSON_MockDataManager.swift */ = {isa = PBXFileReference; lastKnownFileType = sourcecode.swift; path = JSON_MockDataManager.swift; sourceTree = "<group>"; };
		FA0B01C22BAB239500FA6509 /* JSON_MockDataService.swift */ = {isa = PBXFileReference; lastKnownFileType = sourcecode.swift; path = JSON_MockDataService.swift; sourceTree = "<group>"; };
		FA0B01C52BAB358000FA6509 /* TransactionViewModel.swift */ = {isa = PBXFileReference; lastKnownFileType = sourcecode.swift; path = TransactionViewModel.swift; sourceTree = "<group>"; };
		FA0B01C82BAB7AF200FA6509 /* String+EXT.swift */ = {isa = PBXFileReference; lastKnownFileType = sourcecode.swift; path = "String+EXT.swift"; sourceTree = "<group>"; };
		FA0B01CB2BAB84F900FA6509 /* StringDateFormatter.swift */ = {isa = PBXFileReference; lastKnownFileType = sourcecode.swift; path = StringDateFormatter.swift; sourceTree = "<group>"; };
		FA0B01D32BAC1C9400FA6509 /* Constants+TEXT.swift */ = {isa = PBXFileReference; lastKnownFileType = sourcecode.swift; path = "Constants+TEXT.swift"; sourceTree = "<group>"; };
		FA0B01D52BAC29A900FA6509 /* NetworkMonitor.swift */ = {isa = PBXFileReference; lastKnownFileType = sourcecode.swift; path = NetworkMonitor.swift; sourceTree = "<group>"; };
		FA0B01D72BAC2E0300FA6509 /* NoConnectionView.swift */ = {isa = PBXFileReference; lastKnownFileType = sourcecode.swift; path = NoConnectionView.swift; sourceTree = "<group>"; };
		FA0B01D92BAC30DA00FA6509 /* Constants+IMAGE.swift */ = {isa = PBXFileReference; lastKnownFileType = sourcecode.swift; path = "Constants+IMAGE.swift"; sourceTree = "<group>"; };
		FA0B01DD2BAC600C00FA6509 /* SortingManager.swift */ = {isa = PBXFileReference; lastKnownFileType = sourcecode.swift; path = SortingManager.swift; sourceTree = "<group>"; };
		FA0B01DF2BAC601800FA6509 /* FilterManager.swift */ = {isa = PBXFileReference; lastKnownFileType = sourcecode.swift; path = FilterManager.swift; sourceTree = "<group>"; };
		FA0B01E22BAC987700FA6509 /* TransactionDetailsView.swift */ = {isa = PBXFileReference; lastKnownFileType = sourcecode.swift; path = TransactionDetailsView.swift; sourceTree = "<group>"; };
		FA0B01E42BACC0C400FA6509 /* Constants+URL.swift */ = {isa = PBXFileReference; lastKnownFileType = sourcecode.swift; path = "Constants+URL.swift"; sourceTree = "<group>"; };
		FA0B01E62BACC35B00FA6509 /* AppDelegate.swift */ = {isa = PBXFileReference; lastKnownFileType = sourcecode.swift; path = AppDelegate.swift; sourceTree = "<group>"; };
		FA0B01E82BACC43000FA6509 /* SwiftUIContainer.swift */ = {isa = PBXFileReference; lastKnownFileType = sourcecode.swift; path = SwiftUIContainer.swift; sourceTree = "<group>"; };
		FA0B01EA2BACC7D800FA6509 /* Info.plist */ = {isa = PBXFileReference; lastKnownFileType = text.plist; path = Info.plist; sourceTree = "<group>"; };
		FA0B01EB2BACD48E00FA6509 /* LaunchScreen.storyboard */ = {isa = PBXFileReference; lastKnownFileType = file.storyboard; path = LaunchScreen.storyboard; sourceTree = "<group>"; };
		FA1DAC6A2BADBF01000729AE /* TransactionsListView.swift */ = {isa = PBXFileReference; lastKnownFileType = sourcecode.swift; path = TransactionsListView.swift; sourceTree = "<group>"; };
		FA1DAC6C2BADC1F8000729AE /* CategorySectionView.swift */ = {isa = PBXFileReference; lastKnownFileType = sourcecode.swift; path = CategorySectionView.swift; sourceTree = "<group>"; };
		FA1DAC732BADE924000729AE /* AmountSectionView.swift */ = {isa = PBXFileReference; fileEncoding = 4; lastKnownFileType = sourcecode.swift; path = AmountSectionView.swift; sourceTree = "<group>"; };
		FA8BA0E82BAD7B2700E4D747 /* NetworkManager.swift */ = {isa = PBXFileReference; lastKnownFileType = sourcecode.swift; path = NetworkManager.swift; sourceTree = "<group>"; };
		FA8BA0EB2BAD7E8400E4D747 /* TransactionsService.swift */ = {isa = PBXFileReference; lastKnownFileType = sourcecode.swift; path = TransactionsService.swift; sourceTree = "<group>"; };
		FA8BA0EE2BAD8AA600E4D747 /* README.md */ = {isa = PBXFileReference; fileEncoding = 4; lastKnownFileType = net.daringfireball.markdown; path = README.md; sourceTree = "<group>"; };
/* End PBXFileReference section */

/* Begin PBXFrameworksBuildPhase section */
		FA0B01A22BAB1C1600FA6509 /* Frameworks */ = {
			isa = PBXFrameworksBuildPhase;
			buildActionMask = 2147483647;
			files = (
			);
			runOnlyForDeploymentPostprocessing = 0;
		};
/* End PBXFrameworksBuildPhase section */

/* Begin PBXGroup section */
		FA0B019C2BAB1C1600FA6509 = {
			isa = PBXGroup;
			children = (
				FA8BA0EE2BAD8AA600E4D747 /* README.md */,
				FA0B01A72BAB1C1600FA6509 /* WorldOfPAYBACK */,
				FA0B01A62BAB1C1600FA6509 /* Products */,
			);
			sourceTree = "<group>";
		};
		FA0B01A62BAB1C1600FA6509 /* Products */ = {
			isa = PBXGroup;
			children = (
				FA0B01A52BAB1C1600FA6509 /* WorldOfPAYBACK.app */,
			);
			name = Products;
			sourceTree = "<group>";
		};
		FA0B01A72BAB1C1600FA6509 /* WorldOfPAYBACK */ = {
			isa = PBXGroup;
			children = (
				FA0B01EA2BACC7D800FA6509 /* Info.plist */,
				FA0B01B72BAB1CB500FA6509 /* MAIN */,
				FA0B01D22BAC1C5600FA6509 /* Constants */,
				FA8BA0ED2BAD7FA100E4D747 /* Infrastructure */,
				FA8BA0EA2BAD7B3700E4D747 /* Managers */,
				FA0B01BF2BAB1FBB00FA6509 /* Services */,
				FA0B01CA2BAB84C600FA6509 /* Utility */,
				FA0B01C72BAB7ACD00FA6509 /* Extensions */,
				FA0B01ED2BACD58D00FA6509 /* LAUNCH Screen */,
				FA0B01DC2BAC38FC00FA6509 /* NETWORK Screen */,
				FA0B01DB2BAC38C600FA6509 /* TRANSACTIONS Screen */,
				FA0B01E12BAC97B200FA6509 /* DETAIL Screen */,
				FA0B01AC2BAB1C1C00FA6509 /* Assets.xcassets */,
				FA0B01AE2BAB1C1C00FA6509 /* WorldOfPAYBACK.entitlements */,
				FA0B01AF2BAB1C1C00FA6509 /* Preview Content */,
			);
			path = WorldOfPAYBACK;
			sourceTree = "<group>";
		};
		FA0B01AF2BAB1C1C00FA6509 /* Preview Content */ = {
			isa = PBXGroup;
			children = (
				FA0B01B02BAB1C1C00FA6509 /* Preview Assets.xcassets */,
			);
			path = "Preview Content";
			sourceTree = "<group>";
		};
		FA0B01B72BAB1CB500FA6509 /* MAIN */ = {
			isa = PBXGroup;
			children = (
				FA0B01E62BACC35B00FA6509 /* AppDelegate.swift */,
				FA0B01E82BACC43000FA6509 /* SwiftUIContainer.swift */,
				FA0B01A82BAB1C1600FA6509 /* MainContentView.swift */,
			);
			path = MAIN;
			sourceTree = "<group>";
		};
		FA0B01BA2BAB1D6900FA6509 /* Mock_Data */ = {
			isa = PBXGroup;
			children = (
				FA0B01B82BAB1D5C00FA6509 /* PBTransactions.json */,
			);
			path = Mock_Data;
			sourceTree = "<group>";
		};
		FA0B01BB2BAB1D9B00FA6509 /* Model */ = {
			isa = PBXGroup;
			children = (
				FA0B01BA2BAB1D6900FA6509 /* Mock_Data */,
				FA0B01BD2BAB1ECE00FA6509 /* TransactionModel.swift */,
			);
			path = Model;
			sourceTree = "<group>";
		};
		FA0B01BC2BAB1DA900FA6509 /* View */ = {
			isa = PBXGroup;
			children = (
				FA0B01AA2BAB1C1600FA6509 /* TransactionsView.swift */,
				FA1DAC692BADBEE8000729AE /* SubView */,
			);
			path = View;
			sourceTree = "<group>";
		};
		FA0B01BF2BAB1FBB00FA6509 /* Services */ = {
			isa = PBXGroup;
			children = (
				FA1DAC6F2BADC3E7000729AE /* JSON */,
				FA1DAC6E2BADC3CC000729AE /* API */,
			);
			path = Services;
			sourceTree = "<group>";
		};
		FA0B01C42BAB356100FA6509 /* ViewModel */ = {
			isa = PBXGroup;
			children = (
				FA0B01C52BAB358000FA6509 /* TransactionViewModel.swift */,
			);
			path = ViewModel;
			sourceTree = "<group>";
		};
		FA0B01C72BAB7ACD00FA6509 /* Extensions */ = {
			isa = PBXGroup;
			children = (
				FA0B01C82BAB7AF200FA6509 /* String+EXT.swift */,
			);
			path = Extensions;
			sourceTree = "<group>";
		};
		FA0B01CA2BAB84C600FA6509 /* Utility */ = {
			isa = PBXGroup;
			children = (
				FA0B01CB2BAB84F900FA6509 /* StringDateFormatter.swift */,
				FA0B01DD2BAC600C00FA6509 /* SortingManager.swift */,
				FA0B01DF2BAC601800FA6509 /* FilterManager.swift */,
			);
			path = Utility;
			sourceTree = "<group>";
		};
		FA0B01D22BAC1C5600FA6509 /* Constants */ = {
			isa = PBXGroup;
			children = (
				FA0B01E42BACC0C400FA6509 /* Constants+URL.swift */,
				FA0B01D32BAC1C9400FA6509 /* Constants+TEXT.swift */,
				FA0B01D92BAC30DA00FA6509 /* Constants+IMAGE.swift */,
			);
			path = Constants;
			sourceTree = "<group>";
		};
		FA0B01DB2BAC38C600FA6509 /* TRANSACTIONS Screen */ = {
			isa = PBXGroup;
			children = (
				FA0B01BB2BAB1D9B00FA6509 /* Model */,
				FA0B01C42BAB356100FA6509 /* ViewModel */,
				FA0B01BC2BAB1DA900FA6509 /* View */,
			);
			path = "TRANSACTIONS Screen";
			sourceTree = "<group>";
		};
		FA0B01DC2BAC38FC00FA6509 /* NETWORK Screen */ = {
			isa = PBXGroup;
			children = (
				FA0B01D72BAC2E0300FA6509 /* NoConnectionView.swift */,
			);
			path = "NETWORK Screen";
			sourceTree = "<group>";
		};
		FA0B01E12BAC97B200FA6509 /* DETAIL Screen */ = {
			isa = PBXGroup;
			children = (
				FA0B01E22BAC987700FA6509 /* TransactionDetailsView.swift */,
			);
			path = "DETAIL Screen";
			sourceTree = "<group>";
		};
		FA0B01ED2BACD58D00FA6509 /* LAUNCH Screen */ = {
			isa = PBXGroup;
			children = (
				FA0B01EB2BACD48E00FA6509 /* LaunchScreen.storyboard */,
			);
			path = "LAUNCH Screen";
			sourceTree = "<group>";
		};
		FA1DAC692BADBEE8000729AE /* SubView */ = {
			isa = PBXGroup;
			children = (
				FA1DAC6C2BADC1F8000729AE /* CategorySectionView.swift */,
				FA1DAC732BADE924000729AE /* AmountSectionView.swift */,
				FA1DAC6A2BADBF01000729AE /* TransactionsListView.swift */,
			);
			path = SubView;
			sourceTree = "<group>";
		};
		FA1DAC6E2BADC3CC000729AE /* API */ = {
			isa = PBXGroup;
			children = (
				FA8BA0EB2BAD7E8400E4D747 /* TransactionsService.swift */,
			);
			path = API;
			sourceTree = "<group>";
		};
		FA1DAC6F2BADC3E7000729AE /* JSON */ = {
			isa = PBXGroup;
			children = (
				FA0B01C22BAB239500FA6509 /* JSON_MockDataService.swift */,
			);
			path = JSON;
			sourceTree = "<group>";
		};
		FA8BA0EA2BAD7B3700E4D747 /* Managers */ = {
			isa = PBXGroup;
			children = (
				FA8BA0E82BAD7B2700E4D747 /* NetworkManager.swift */,
				FA0B01C02BAB207800FA6509 /* JSON_MockDataManager.swift */,
			);
			path = Managers;
			sourceTree = "<group>";
		};
		FA8BA0ED2BAD7FA100E4D747 /* Infrastructure */ = {
			isa = PBXGroup;
			children = (
				FA0B01D52BAC29A900FA6509 /* NetworkMonitor.swift */,
			);
			path = Infrastructure;
			sourceTree = "<group>";
		};
/* End PBXGroup section */

/* Begin PBXNativeTarget section */
		FA0B01A42BAB1C1600FA6509 /* WorldOfPAYBACK */ = {
			isa = PBXNativeTarget;
			buildConfigurationList = FA0B01B42BAB1C1C00FA6509 /* Build configuration list for PBXNativeTarget "WorldOfPAYBACK" */;
			buildPhases = (
				FA0B01A12BAB1C1600FA6509 /* Sources */,
				FA0B01A22BAB1C1600FA6509 /* Frameworks */,
				FA0B01A32BAB1C1600FA6509 /* Resources */,
				FA1DAC702BADC9A9000729AE /* ShellScript */,
			);
			buildRules = (
			);
			dependencies = (
			);
			name = WorldOfPAYBACK;
			productName = WorldOfPAYBACK;
			productReference = FA0B01A52BAB1C1600FA6509 /* WorldOfPAYBACK.app */;
			productType = "com.apple.product-type.application";
		};
/* End PBXNativeTarget section */

/* Begin PBXProject section */
		FA0B019D2BAB1C1600FA6509 /* Project object */ = {
			isa = PBXProject;
			attributes = {
				BuildIndependentTargetsInParallel = 1;
				LastSwiftUpdateCheck = 1520;
				LastUpgradeCheck = 1520;
				TargetAttributes = {
					FA0B01A42BAB1C1600FA6509 = {
						CreatedOnToolsVersion = 15.2;
					};
				};
			};
			buildConfigurationList = FA0B01A02BAB1C1600FA6509 /* Build configuration list for PBXProject "WorldOfPAYBACK" */;
			compatibilityVersion = "Xcode 14.0";
			developmentRegion = en;
			hasScannedForEncodings = 0;
			knownRegions = (
				en,
				Base,
			);
			mainGroup = FA0B019C2BAB1C1600FA6509;
			productRefGroup = FA0B01A62BAB1C1600FA6509 /* Products */;
			projectDirPath = "";
			projectRoot = "";
			targets = (
				FA0B01A42BAB1C1600FA6509 /* WorldOfPAYBACK */,
			);
		};
/* End PBXProject section */

/* Begin PBXResourcesBuildPhase section */
		FA0B01A32BAB1C1600FA6509 /* Resources */ = {
			isa = PBXResourcesBuildPhase;
			buildActionMask = 2147483647;
			files = (
				FA0B01B12BAB1C1C00FA6509 /* Preview Assets.xcassets in Resources */,
				FA0B01B92BAB1D5C00FA6509 /* PBTransactions.json in Resources */,
				FA8BA0EF2BAD8AA600E4D747 /* README.md in Resources */,
				FA0B01EC2BACD48E00FA6509 /* LaunchScreen.storyboard in Resources */,
				FA0B01AD2BAB1C1C00FA6509 /* Assets.xcassets in Resources */,
			);
			runOnlyForDeploymentPostprocessing = 0;
		};
/* End PBXResourcesBuildPhase section */

/* Begin PBXShellScriptBuildPhase section */
		FA1DAC702BADC9A9000729AE /* ShellScript */ = {
			isa = PBXShellScriptBuildPhase;
			alwaysOutOfDate = 1;
			buildActionMask = 2147483647;
			files = (
			);
			inputFileListPaths = (
			);
			inputPaths = (
			);
			outputFileListPaths = (
			);
			outputPaths = (
			);
			runOnlyForDeploymentPostprocessing = 0;
			shellPath = /bin/sh;
			shellScript = "file=\"unused.rb\"\nif [ -f \"$file\" ]\nthen\necho \"$file found.\"\nruby unused.rb xcode\nelse\necho \"unused.rb doesn't exist\"\nfi\n";
		};
/* End PBXShellScriptBuildPhase section */

/* Begin PBXSourcesBuildPhase section */
		FA0B01A12BAB1C1600FA6509 /* Sources */ = {
			isa = PBXSourcesBuildPhase;
			buildActionMask = 2147483647;
			files = (
				FA0B01D62BAC29A900FA6509 /* NetworkMonitor.swift in Sources */,
				FA0B01BE2BAB1ECF00FA6509 /* TransactionModel.swift in Sources */,
				FA1DAC6D2BADC1F8000729AE /* CategorySectionView.swift in Sources */,
				FA1DAC6B2BADBF01000729AE /* TransactionsListView.swift in Sources */,
				FA0B01DE2BAC600C00FA6509 /* SortingManager.swift in Sources */,
				FA0B01AB2BAB1C1600FA6509 /* TransactionsView.swift in Sources */,
				FA1DAC742BADE924000729AE /* AmountSectionView.swift in Sources */,
				FA0B01E52BACC0C400FA6509 /* Constants+URL.swift in Sources */,
				FA0B01D42BAC1C9400FA6509 /* Constants+TEXT.swift in Sources */,
				FA0B01E02BAC601800FA6509 /* FilterManager.swift in Sources */,
				FA0B01C92BAB7AF200FA6509 /* String+EXT.swift in Sources */,
				FA0B01E92BACC43000FA6509 /* SwiftUIContainer.swift in Sources */,
				FA0B01D82BAC2E0300FA6509 /* NoConnectionView.swift in Sources */,
				FA0B01DA2BAC30DA00FA6509 /* Constants+IMAGE.swift in Sources */,
				FA0B01A92BAB1C1600FA6509 /* MainContentView.swift in Sources */,
				FA8BA0E92BAD7B2700E4D747 /* NetworkManager.swift in Sources */,
				FA0B01C32BAB239500FA6509 /* JSON_MockDataService.swift in Sources */,
				FA0B01E72BACC35B00FA6509 /* AppDelegate.swift in Sources */,
				FA0B01CC2BAB84F900FA6509 /* StringDateFormatter.swift in Sources */,
				FA0B01C12BAB207800FA6509 /* JSON_MockDataManager.swift in Sources */,
				FA0B01C62BAB358000FA6509 /* TransactionViewModel.swift in Sources */,
				FA0B01E32BAC987700FA6509 /* TransactionDetailsView.swift in Sources */,
				FA8BA0EC2BAD7E8400E4D747 /* TransactionsService.swift in Sources */,
			);
			runOnlyForDeploymentPostprocessing = 0;
		};
/* End PBXSourcesBuildPhase section */

/* Begin XCBuildConfiguration section */
		FA0B01B22BAB1C1C00FA6509 /* Debug */ = {
			isa = XCBuildConfiguration;
			buildSettings = {
				ALWAYS_SEARCH_USER_PATHS = NO;
				ASSETCATALOG_COMPILER_GENERATE_SWIFT_ASSET_SYMBOL_EXTENSIONS = YES;
				CLANG_ANALYZER_NONNULL = YES;
				CLANG_ANALYZER_NUMBER_OBJECT_CONVERSION = YES_AGGRESSIVE;
				CLANG_CXX_LANGUAGE_STANDARD = "gnu++20";
				CLANG_ENABLE_MODULES = YES;
				CLANG_ENABLE_OBJC_ARC = YES;
				CLANG_ENABLE_OBJC_WEAK = YES;
				CLANG_WARN_BLOCK_CAPTURE_AUTORELEASING = YES;
				CLANG_WARN_BOOL_CONVERSION = YES;
				CLANG_WARN_COMMA = YES;
				CLANG_WARN_CONSTANT_CONVERSION = YES;
				CLANG_WARN_DEPRECATED_OBJC_IMPLEMENTATIONS = YES;
				CLANG_WARN_DIRECT_OBJC_ISA_USAGE = YES_ERROR;
				CLANG_WARN_DOCUMENTATION_COMMENTS = YES;
				CLANG_WARN_EMPTY_BODY = YES;
				CLANG_WARN_ENUM_CONVERSION = YES;
				CLANG_WARN_INFINITE_RECURSION = YES;
				CLANG_WARN_INT_CONVERSION = YES;
				CLANG_WARN_NON_LITERAL_NULL_CONVERSION = YES;
				CLANG_WARN_OBJC_IMPLICIT_RETAIN_SELF = YES;
				CLANG_WARN_OBJC_LITERAL_CONVERSION = YES;
				CLANG_WARN_OBJC_ROOT_CLASS = YES_ERROR;
				CLANG_WARN_QUOTED_INCLUDE_IN_FRAMEWORK_HEADER = YES;
				CLANG_WARN_RANGE_LOOP_ANALYSIS = YES;
				CLANG_WARN_STRICT_PROTOTYPES = YES;
				CLANG_WARN_SUSPICIOUS_MOVE = YES;
				CLANG_WARN_UNGUARDED_AVAILABILITY = YES_AGGRESSIVE;
				CLANG_WARN_UNREACHABLE_CODE = YES;
				CLANG_WARN__DUPLICATE_METHOD_MATCH = YES;
				COPY_PHASE_STRIP = NO;
				DEBUG_INFORMATION_FORMAT = dwarf;
				ENABLE_STRICT_OBJC_MSGSEND = YES;
				ENABLE_TESTABILITY = YES;
				ENABLE_USER_SCRIPT_SANDBOXING = YES;
				GCC_C_LANGUAGE_STANDARD = gnu17;
				GCC_DYNAMIC_NO_PIC = NO;
				GCC_NO_COMMON_BLOCKS = YES;
				GCC_OPTIMIZATION_LEVEL = 0;
				GCC_PREPROCESSOR_DEFINITIONS = (
					"DEBUG=1",
					"$(inherited)",
				);
				GCC_WARN_64_TO_32_BIT_CONVERSION = YES;
				GCC_WARN_ABOUT_RETURN_TYPE = YES_ERROR;
				GCC_WARN_UNDECLARED_SELECTOR = YES;
				GCC_WARN_UNINITIALIZED_AUTOS = YES_AGGRESSIVE;
				GCC_WARN_UNUSED_FUNCTION = YES;
				GCC_WARN_UNUSED_VARIABLE = YES;
				LOCALIZATION_PREFERS_STRING_CATALOGS = YES;
				MTL_ENABLE_DEBUG_INFO = INCLUDE_SOURCE;
				MTL_FAST_MATH = YES;
				ONLY_ACTIVE_ARCH = YES;
				SWIFT_ACTIVE_COMPILATION_CONDITIONS = "DEBUG $(inherited)";
				SWIFT_OPTIMIZATION_LEVEL = "-Onone";
			};
			name = Debug;
		};
		FA0B01B32BAB1C1C00FA6509 /* Release */ = {
			isa = XCBuildConfiguration;
			buildSettings = {
				ALWAYS_SEARCH_USER_PATHS = NO;
				ASSETCATALOG_COMPILER_GENERATE_SWIFT_ASSET_SYMBOL_EXTENSIONS = YES;
				CLANG_ANALYZER_NONNULL = YES;
				CLANG_ANALYZER_NUMBER_OBJECT_CONVERSION = YES_AGGRESSIVE;
				CLANG_CXX_LANGUAGE_STANDARD = "gnu++20";
				CLANG_ENABLE_MODULES = YES;
				CLANG_ENABLE_OBJC_ARC = YES;
				CLANG_ENABLE_OBJC_WEAK = YES;
				CLANG_WARN_BLOCK_CAPTURE_AUTORELEASING = YES;
				CLANG_WARN_BOOL_CONVERSION = YES;
				CLANG_WARN_COMMA = YES;
				CLANG_WARN_CONSTANT_CONVERSION = YES;
				CLANG_WARN_DEPRECATED_OBJC_IMPLEMENTATIONS = YES;
				CLANG_WARN_DIRECT_OBJC_ISA_USAGE = YES_ERROR;
				CLANG_WARN_DOCUMENTATION_COMMENTS = YES;
				CLANG_WARN_EMPTY_BODY = YES;
				CLANG_WARN_ENUM_CONVERSION = YES;
				CLANG_WARN_INFINITE_RECURSION = YES;
				CLANG_WARN_INT_CONVERSION = YES;
				CLANG_WARN_NON_LITERAL_NULL_CONVERSION = YES;
				CLANG_WARN_OBJC_IMPLICIT_RETAIN_SELF = YES;
				CLANG_WARN_OBJC_LITERAL_CONVERSION = YES;
				CLANG_WARN_OBJC_ROOT_CLASS = YES_ERROR;
				CLANG_WARN_QUOTED_INCLUDE_IN_FRAMEWORK_HEADER = YES;
				CLANG_WARN_RANGE_LOOP_ANALYSIS = YES;
				CLANG_WARN_STRICT_PROTOTYPES = YES;
				CLANG_WARN_SUSPICIOUS_MOVE = YES;
				CLANG_WARN_UNGUARDED_AVAILABILITY = YES_AGGRESSIVE;
				CLANG_WARN_UNREACHABLE_CODE = YES;
				CLANG_WARN__DUPLICATE_METHOD_MATCH = YES;
				COPY_PHASE_STRIP = NO;
				DEBUG_INFORMATION_FORMAT = "dwarf-with-dsym";
				ENABLE_NS_ASSERTIONS = NO;
				ENABLE_STRICT_OBJC_MSGSEND = YES;
				ENABLE_USER_SCRIPT_SANDBOXING = YES;
				GCC_C_LANGUAGE_STANDARD = gnu17;
				GCC_NO_COMMON_BLOCKS = YES;
				GCC_WARN_64_TO_32_BIT_CONVERSION = YES;
				GCC_WARN_ABOUT_RETURN_TYPE = YES_ERROR;
				GCC_WARN_UNDECLARED_SELECTOR = YES;
				GCC_WARN_UNINITIALIZED_AUTOS = YES_AGGRESSIVE;
				GCC_WARN_UNUSED_FUNCTION = YES;
				GCC_WARN_UNUSED_VARIABLE = YES;
				LOCALIZATION_PREFERS_STRING_CATALOGS = YES;
				MTL_ENABLE_DEBUG_INFO = NO;
				MTL_FAST_MATH = YES;
				SWIFT_COMPILATION_MODE = wholemodule;
			};
			name = Release;
		};
		FA0B01B52BAB1C1C00FA6509 /* Debug */ = {
			isa = XCBuildConfiguration;
			buildSettings = {
				ASSETCATALOG_COMPILER_APPICON_NAME = AppIcon;
				ASSETCATALOG_COMPILER_GLOBAL_ACCENT_COLOR_NAME = AccentColor;
				CODE_SIGN_ENTITLEMENTS = WorldOfPAYBACK/WorldOfPAYBACK.entitlements;
				CODE_SIGN_STYLE = Automatic;
				CURRENT_PROJECT_VERSION = 1;
				DEVELOPMENT_ASSET_PATHS = "\"WorldOfPAYBACK/Preview Content\"";
				DEVELOPMENT_TEAM = K7P4RU7LF4;
				ENABLE_APP_SANDBOX = NO;
				ENABLE_HARDENED_RUNTIME = NO;
				ENABLE_PREVIEWS = YES;
				ENABLE_USER_SCRIPT_SANDBOXING = NO;
				GENERATE_INFOPLIST_FILE = YES;
				INFOPLIST_FILE = WorldOfPAYBACK/Info.plist;
				INFOPLIST_KEY_UIApplicationSceneManifest_Generation = NO;
				"INFOPLIST_KEY_UIApplicationSupportsIndirectInputEvents[sdk=iphoneos*]" = YES;
				"INFOPLIST_KEY_UIApplicationSupportsIndirectInputEvents[sdk=iphonesimulator*]" = YES;
				"INFOPLIST_KEY_UILaunchScreen_Generation[sdk=iphoneos*]" = YES;
				"INFOPLIST_KEY_UILaunchScreen_Generation[sdk=iphonesimulator*]" = YES;
				INFOPLIST_KEY_UILaunchStoryboardName = LaunchScreen;
				INFOPLIST_KEY_UIRequiresFullScreen = NO;
				"INFOPLIST_KEY_UIStatusBarStyle[sdk=iphoneos*]" = UIStatusBarStyleDefault;
				"INFOPLIST_KEY_UIStatusBarStyle[sdk=iphonesimulator*]" = UIStatusBarStyleDefault;
				INFOPLIST_KEY_UISupportedInterfaceOrientations = UIInterfaceOrientationPortrait;
				INFOPLIST_KEY_UISupportedInterfaceOrientations_iPad = "UIInterfaceOrientationLandscapeLeft UIInterfaceOrientationLandscapeRight UIInterfaceOrientationPortrait UIInterfaceOrientationPortraitUpsideDown";
				IPHONEOS_DEPLOYMENT_TARGET = 17.0;
				LD_RUNPATH_SEARCH_PATHS = "@executable_path/Frameworks";
				"LD_RUNPATH_SEARCH_PATHS[sdk=macosx*]" = "@executable_path/../Frameworks";
				MACOSX_DEPLOYMENT_TARGET = 14.0;
				MARKETING_VERSION = 1.0;
				PRODUCT_BUNDLE_IDENTIFIER = net.paulmax.WorldOfPAYBACK.WorldOfPAYBACK;
				PRODUCT_NAME = "$(TARGET_NAME)";
				SDKROOT = auto;
				SUPPORTED_PLATFORMS = "iphoneos iphonesimulator";
				SUPPORTS_MACCATALYST = NO;
				SWIFT_EMIT_LOC_STRINGS = YES;
				SWIFT_VERSION = 5.0;
				TARGETED_DEVICE_FAMILY = "1,2";
			};
			name = Debug;
		};
		FA0B01B62BAB1C1C00FA6509 /* Release */ = {
			isa = XCBuildConfiguration;
			buildSettings = {
				ASSETCATALOG_COMPILER_APPICON_NAME = AppIcon;
				ASSETCATALOG_COMPILER_GLOBAL_ACCENT_COLOR_NAME = AccentColor;
				CODE_SIGN_ENTITLEMENTS = WorldOfPAYBACK/WorldOfPAYBACK.entitlements;
				CODE_SIGN_STYLE = Automatic;
				CURRENT_PROJECT_VERSION = 1;
				DEVELOPMENT_ASSET_PATHS = "\"WorldOfPAYBACK/Preview Content\"";
				DEVELOPMENT_TEAM = K7P4RU7LF4;
				ENABLE_APP_SANDBOX = NO;
				ENABLE_HARDENED_RUNTIME = NO;
				ENABLE_PREVIEWS = YES;
				ENABLE_USER_SCRIPT_SANDBOXING = NO;
				GENERATE_INFOPLIST_FILE = YES;
				INFOPLIST_FILE = WorldOfPAYBACK/Info.plist;
				INFOPLIST_KEY_UIApplicationSceneManifest_Generation = NO;
				"INFOPLIST_KEY_UIApplicationSupportsIndirectInputEvents[sdk=iphoneos*]" = YES;
				"INFOPLIST_KEY_UIApplicationSupportsIndirectInputEvents[sdk=iphonesimulator*]" = YES;
				"INFOPLIST_KEY_UILaunchScreen_Generation[sdk=iphoneos*]" = YES;
				"INFOPLIST_KEY_UILaunchScreen_Generation[sdk=iphonesimulator*]" = YES;
				INFOPLIST_KEY_UILaunchStoryboardName = LaunchScreen;
				INFOPLIST_KEY_UIRequiresFullScreen = NO;
				"INFOPLIST_KEY_UIStatusBarStyle[sdk=iphoneos*]" = UIStatusBarStyleDefault;
				"INFOPLIST_KEY_UIStatusBarStyle[sdk=iphonesimulator*]" = UIStatusBarStyleDefault;
				INFOPLIST_KEY_UISupportedInterfaceOrientations = UIInterfaceOrientationPortrait;
				INFOPLIST_KEY_UISupportedInterfaceOrientations_iPad = "UIInterfaceOrientationLandscapeLeft UIInterfaceOrientationLandscapeRight UIInterfaceOrientationPortrait UIInterfaceOrientationPortraitUpsideDown";
				IPHONEOS_DEPLOYMENT_TARGET = 17.0;
				LD_RUNPATH_SEARCH_PATHS = "@executable_path/Frameworks";
				"LD_RUNPATH_SEARCH_PATHS[sdk=macosx*]" = "@executable_path/../Frameworks";
				MACOSX_DEPLOYMENT_TARGET = 14.0;
				MARKETING_VERSION = 1.0;
				PRODUCT_BUNDLE_IDENTIFIER = net.paulmax.WorldOfPAYBACK.WorldOfPAYBACK;
				PRODUCT_NAME = "$(TARGET_NAME)";
				SDKROOT = auto;
				SUPPORTED_PLATFORMS = "iphoneos iphonesimulator";
				SUPPORTS_MACCATALYST = NO;
				SWIFT_EMIT_LOC_STRINGS = YES;
				SWIFT_VERSION = 5.0;
				TARGETED_DEVICE_FAMILY = "1,2";
			};
			name = Release;
		};
/* End XCBuildConfiguration section */

/* Begin XCConfigurationList section */
		FA0B01A02BAB1C1600FA6509 /* Build configuration list for PBXProject "WorldOfPAYBACK" */ = {
			isa = XCConfigurationList;
			buildConfigurations = (
				FA0B01B22BAB1C1C00FA6509 /* Debug */,
				FA0B01B32BAB1C1C00FA6509 /* Release */,
			);
			defaultConfigurationIsVisible = 0;
			defaultConfigurationName = Release;
		};
		FA0B01B42BAB1C1C00FA6509 /* Build configuration list for PBXNativeTarget "WorldOfPAYBACK" */ = {
			isa = XCConfigurationList;
			buildConfigurations = (
				FA0B01B52BAB1C1C00FA6509 /* Debug */,
				FA0B01B62BAB1C1C00FA6509 /* Release */,
			);
			defaultConfigurationIsVisible = 0;
			defaultConfigurationName = Release;
		};
/* End XCConfigurationList section */
	};
	rootObject = FA0B019D2BAB1C1600FA6509 /* Project object */;
}
